
Microsoft Visual Studio Solution File, Format Version 12.00
# Visual Studio Version 17
VisualStudioVersion = 17.1.32328.378
MinimumVisualStudioVersion = 10.0.40219.1
Project("{9A19103F-16F7-4668-BE54-9A1E7A4F7556}") = "2C2P.Assessment.API", "2C2P.Assessment\2C2P.Assessment.API.csproj", "{3F4155E7-C4EE-40D2-8A3C-1DA8ABA03345}"
EndProject
Project("{9A19103F-16F7-4668-BE54-9A1E7A4F7556}") = "2C2P.Assessment.BusinessLayer", "2C2P.Assessment.BusinessLayer\2C2P.Assessment.BusinessLayer.csproj", "{055B42F1-FD1B-4BC7-A5DF-95CC367B27D5}"
EndProject
Project("{9A19103F-16F7-4668-BE54-9A1E7A4F7556}") = "2C2P.Assessment.DataLayer", "2C2P.Assessment.DataLayer\2C2P.Assessment.DataLayer.csproj", "{9BAE8C5F-5C18-4592-9F00-1E4629F5320C}"
EndProject
Project("{9A19103F-16F7-4668-BE54-9A1E7A4F7556}") = "2C2P.Assessment.WebApp", "2C2P.Assessment.WebApp\2C2P.Assessment.WebApp.csproj", "{23588704-732A-42DF-A035-C98C4742304A}"
EndProject
Project("{FAE04EC0-301F-11D3-BF4B-00C04F79EFBC}") = "2C2P.UnitTest", "2C2P.UnitTest\2C2P.UnitTest.csproj", "{48237F5B-C727-494B-AD8F-CB3BDEA7373A}"
EndProject
Global
	GlobalSection(SolutionConfigurationPlatforms) = preSolution
		Debug|Any CPU = Debug|Any CPU
		Release|Any CPU = Release|Any CPU
	EndGlobalSection
	GlobalSection(ProjectConfigurationPlatforms) = postSolution
		{3F4155E7-C4EE-40D2-8A3C-1DA8ABA03345}.Debug|Any CPU.ActiveCfg = Debug|Any CPU
		{3F4155E7-C4EE-40D2-8A3C-1DA8ABA03345}.Debug|Any CPU.Build.0 = Debug|Any CPU
		{3F4155E7-C4EE-40D2-8A3C-1DA8ABA03345}.Release|Any CPU.ActiveCfg = Release|Any CPU
		{3F4155E7-C4EE-40D2-8A3C-1DA8ABA03345}.Release|Any CPU.Build.0 = Release|Any CPU
		{055B42F1-FD1B-4BC7-A5DF-95CC367B27D5}.Debug|Any CPU.ActiveCfg = Debug|Any CPU
		{055B42F1-FD1B-4BC7-A5DF-95CC367B27D5}.Debug|Any CPU.Build.0 = Debug|Any CPU
		{055B42F1-FD1B-4BC7-A5DF-95CC367B27D5}.Release|Any CPU.ActiveCfg = Release|Any CPU
		{055B42F1-FD1B-4BC7-A5DF-95CC367B27D5}.Release|Any CPU.Build.0 = Release|Any CPU
		{9BAE8C5F-5C18-4592-9F00-1E4629F5320C}.Debug|Any CPU.ActiveCfg = Debug|Any CPU
		{9BAE8C5F-5C18-4592-9F00-1E4629F5320C}.Debug|Any CPU.Build.0 = Debug|Any CPU
		{9BAE8C5F-5C18-4592-9F00-1E4629F5320C}.Release|Any CPU.ActiveCfg = Release|Any CPU
		{9BAE8C5F-5C18-4592-9F00-1E4629F5320C}.Release|Any CPU.Build.0 = Release|Any CPU
		{23588704-732A-42DF-A035-C98C4742304A}.Debug|Any CPU.ActiveCfg = Debug|Any CPU
		{23588704-732A-42DF-A035-C98C4742304A}.Debug|Any CPU.Build.0 = Debug|Any CPU
		{23588704-732A-42DF-A035-C98C4742304A}.Release|Any CPU.ActiveCfg = Release|Any CPU
		{23588704-732A-42DF-A035-C98C4742304A}.Release|Any CPU.Build.0 = Release|Any CPU
		{48237F5B-C727-494B-AD8F-CB3BDEA7373A}.Debug|Any CPU.ActiveCfg = Debug|Any CPU
		{48237F5B-C727-494B-AD8F-CB3BDEA7373A}.Debug|Any CPU.Build.0 = Debug|Any CPU
		{48237F5B-C727-494B-AD8F-CB3BDEA7373A}.Release|Any CPU.ActiveCfg = Release|Any CPU
		{48237F5B-C727-494B-AD8F-CB3BDEA7373A}.Release|Any CPU.Build.0 = Release|Any CPU
	EndGlobalSection
	GlobalSection(SolutionProperties) = preSolution
		HideSolutionNode = FALSE
	EndGlobalSection
	GlobalSection(ExtensibilityGlobals) = postSolution
		SolutionGuid = {A3C6F22E-D0F7-4D45-BA03-18A6FFC000F7}
	EndGlobalSection
EndGlobal
